
Microsoft Visual Studio Solution File, Format Version 12.00
# Visual Studio Version 16
VisualStudioVersion = 16.0.30517.126
MinimumVisualStudioVersion = 10.0.40219.1
Project("{9A19103F-16F7-4668-BE54-9A1E7A4F7556}") = "XEMS.MicrosoftGraph.Service", "XEMS.MicrosoftGraph.Service\XEMS.MicrosoftGraph.Service.csproj", "{0C85353E-F053-4046-905F-359C19D6AF64}"
EndProject
Project("{9A19103F-16F7-4668-BE54-9A1E7A4F7556}") = "XEMS.MicrosoftGraph.Service.Core", "XEMS.MicrosoftGraph.Service.Core\XEMS.MicrosoftGraph.Service.Core.csproj", "{F1DC47BF-1A8F-414E-A475-42E9975222F9}"
EndProject
Project("{E53339B2-1760-4266-BCC7-CA923CBCF16C}") = "docker-compose", "docker-compose.dcproj", "{B6DD7186-C00B-44FC-8D2D-06966D38D646}"
EndProject
Project("{2150E333-8FDC-42A3-9474-1A3956D46DE8}") = "Api", "Api", "{7C0BF962-7575-4ED1-9A56-8FBAE7F377B7}"
EndProject
Project("{2150E333-8FDC-42A3-9474-1A3956D46DE8}") = "DataAccess", "DataAccess", "{672D6C3C-CEFE-4B64-B6B8-E795D9917C31}"
EndProject
Project("{2150E333-8FDC-42A3-9474-1A3956D46DE8}") = "Core", "Core", "{42378DD1-1755-436A-8E94-C495154F7924}"
EndProject
Project("{9A19103F-16F7-4668-BE54-9A1E7A4F7556}") = "XEMS.MicrosoftGraph.Service.DataAccess.Domain", "XEMS.MicrosoftGraph.Service.DataAccess.Domain\XEMS.MicrosoftGraph.Service.DataAccess.Domain.csproj", "{A3F2EC68-5309-41D1-8D94-6708D5C6515A}"
EndProject
Project("{9A19103F-16F7-4668-BE54-9A1E7A4F7556}") = "XEMS.MicrosoftGraph.Service.DataAccess", "XEMS.MicrosoftGraph.Service.DataAccess\XEMS.MicrosoftGraph.Service.DataAccess.csproj", "{93E95D61-2477-4AFD-865A-BC2F5EAD57E3}"
EndProject
Project("{9A19103F-16F7-4668-BE54-9A1E7A4F7556}") = "XEMS.MicrosoftGraph.Service.Core.Model", "XEMS.MicrosoftGraph.Service.Core.Model\XEMS.MicrosoftGraph.Service.Core.Model.csproj", "{0352F528-DD67-4093-A9C9-6C1521215BAE}"
EndProject
Project("{9A19103F-16F7-4668-BE54-9A1E7A4F7556}") = "XEMS.MicrosoftGraph.Service.Core.Rules", "XEMS.MicrosoftGraph.Service.Core.Rules\XEMS.MicrosoftGraph.Service.Core.Rules.csproj", "{FA7E7B46-E0FA-4E33-B89B-65D08B29B850}"
EndProject
Project("{9A19103F-16F7-4668-BE54-9A1E7A4F7556}") = "XEMS.MicrosoftGraph.Service.Core.UseCases", "XEMS.MicrosoftGraph.Service.Core.UseCases\XEMS.MicrosoftGraph.Service.Core.UseCases.csproj", "{5B30F849-AED6-4D1D-A2A2-C953F60A986D}"
EndProject
Project("{9A19103F-16F7-4668-BE54-9A1E7A4F7556}") = "XEMS.MicrosoftGraph.Service.Core.Activities", "XEMS.MicrosoftGraph.Service.Core.Activities\XEMS.MicrosoftGraph.Service.Core.Activities.csproj", "{8775E7AC-5706-4CE3-9B9D-4EC1D794D8C8}"
EndProject
Global
	GlobalSection(SolutionConfigurationPlatforms) = preSolution
		Debug|Any CPU = Debug|Any CPU
		Release|Any CPU = Release|Any CPU
	EndGlobalSection
	GlobalSection(ProjectConfigurationPlatforms) = postSolution
		{0C85353E-F053-4046-905F-359C19D6AF64}.Debug|Any CPU.ActiveCfg = Debug|Any CPU
		{0C85353E-F053-4046-905F-359C19D6AF64}.Debug|Any CPU.Build.0 = Debug|Any CPU
		{0C85353E-F053-4046-905F-359C19D6AF64}.Release|Any CPU.ActiveCfg = Release|Any CPU
		{0C85353E-F053-4046-905F-359C19D6AF64}.Release|Any CPU.Build.0 = Release|Any CPU
		{F1DC47BF-1A8F-414E-A475-42E9975222F9}.Debug|Any CPU.ActiveCfg = Debug|Any CPU
		{F1DC47BF-1A8F-414E-A475-42E9975222F9}.Debug|Any CPU.Build.0 = Debug|Any CPU
		{F1DC47BF-1A8F-414E-A475-42E9975222F9}.Release|Any CPU.ActiveCfg = Release|Any CPU
		{F1DC47BF-1A8F-414E-A475-42E9975222F9}.Release|Any CPU.Build.0 = Release|Any CPU
		{B6DD7186-C00B-44FC-8D2D-06966D38D646}.Debug|Any CPU.ActiveCfg = Debug|Any CPU
		{B6DD7186-C00B-44FC-8D2D-06966D38D646}.Debug|Any CPU.Build.0 = Debug|Any CPU
		{B6DD7186-C00B-44FC-8D2D-06966D38D646}.Release|Any CPU.ActiveCfg = Release|Any CPU
		{B6DD7186-C00B-44FC-8D2D-06966D38D646}.Release|Any CPU.Build.0 = Release|Any CPU
		{A3F2EC68-5309-41D1-8D94-6708D5C6515A}.Debug|Any CPU.ActiveCfg = Debug|Any CPU
		{A3F2EC68-5309-41D1-8D94-6708D5C6515A}.Debug|Any CPU.Build.0 = Debug|Any CPU
		{A3F2EC68-5309-41D1-8D94-6708D5C6515A}.Release|Any CPU.ActiveCfg = Release|Any CPU
		{A3F2EC68-5309-41D1-8D94-6708D5C6515A}.Release|Any CPU.Build.0 = Release|Any CPU
		{93E95D61-2477-4AFD-865A-BC2F5EAD57E3}.Debug|Any CPU.ActiveCfg = Debug|Any CPU
		{93E95D61-2477-4AFD-865A-BC2F5EAD57E3}.Debug|Any CPU.Build.0 = Debug|Any CPU
		{93E95D61-2477-4AFD-865A-BC2F5EAD57E3}.Release|Any CPU.ActiveCfg = Release|Any CPU
		{93E95D61-2477-4AFD-865A-BC2F5EAD57E3}.Release|Any CPU.Build.0 = Release|Any CPU
		{0352F528-DD67-4093-A9C9-6C1521215BAE}.Debug|Any CPU.ActiveCfg = Debug|Any CPU
		{0352F528-DD67-4093-A9C9-6C1521215BAE}.Debug|Any CPU.Build.0 = Debug|Any CPU
		{0352F528-DD67-4093-A9C9-6C1521215BAE}.Release|Any CPU.ActiveCfg = Release|Any CPU
		{0352F528-DD67-4093-A9C9-6C1521215BAE}.Release|Any CPU.Build.0 = Release|Any CPU
		{FA7E7B46-E0FA-4E33-B89B-65D08B29B850}.Debug|Any CPU.ActiveCfg = Debug|Any CPU
		{FA7E7B46-E0FA-4E33-B89B-65D08B29B850}.Debug|Any CPU.Build.0 = Debug|Any CPU
		{FA7E7B46-E0FA-4E33-B89B-65D08B29B850}.Release|Any CPU.ActiveCfg = Release|Any CPU
		{FA7E7B46-E0FA-4E33-B89B-65D08B29B850}.Release|Any CPU.Build.0 = Release|Any CPU
		{5B30F849-AED6-4D1D-A2A2-C953F60A986D}.Debug|Any CPU.ActiveCfg = Debug|Any CPU
		{5B30F849-AED6-4D1D-A2A2-C953F60A986D}.Debug|Any CPU.Build.0 = Debug|Any CPU
		{5B30F849-AED6-4D1D-A2A2-C953F60A986D}.Release|Any CPU.ActiveCfg = Release|Any CPU
		{5B30F849-AED6-4D1D-A2A2-C953F60A986D}.Release|Any CPU.Build.0 = Release|Any CPU
		{8775E7AC-5706-4CE3-9B9D-4EC1D794D8C8}.Debug|Any CPU.ActiveCfg = Debug|Any CPU
		{8775E7AC-5706-4CE3-9B9D-4EC1D794D8C8}.Debug|Any CPU.Build.0 = Debug|Any CPU
		{8775E7AC-5706-4CE3-9B9D-4EC1D794D8C8}.Release|Any CPU.ActiveCfg = Release|Any CPU
		{8775E7AC-5706-4CE3-9B9D-4EC1D794D8C8}.Release|Any CPU.Build.0 = Release|Any CPU
	EndGlobalSection
	GlobalSection(SolutionProperties) = preSolution
		HideSolutionNode = FALSE
	EndGlobalSection
	GlobalSection(NestedProjects) = preSolution
		{0C85353E-F053-4046-905F-359C19D6AF64} = {7C0BF962-7575-4ED1-9A56-8FBAE7F377B7}
		{F1DC47BF-1A8F-414E-A475-42E9975222F9} = {42378DD1-1755-436A-8E94-C495154F7924}
		{B6DD7186-C00B-44FC-8D2D-06966D38D646} = {7C0BF962-7575-4ED1-9A56-8FBAE7F377B7}
		{A3F2EC68-5309-41D1-8D94-6708D5C6515A} = {672D6C3C-CEFE-4B64-B6B8-E795D9917C31}
		{93E95D61-2477-4AFD-865A-BC2F5EAD57E3} = {672D6C3C-CEFE-4B64-B6B8-E795D9917C31}
		{0352F528-DD67-4093-A9C9-6C1521215BAE} = {42378DD1-1755-436A-8E94-C495154F7924}
		{FA7E7B46-E0FA-4E33-B89B-65D08B29B850} = {42378DD1-1755-436A-8E94-C495154F7924}
		{5B30F849-AED6-4D1D-A2A2-C953F60A986D} = {42378DD1-1755-436A-8E94-C495154F7924}
		{8775E7AC-5706-4CE3-9B9D-4EC1D794D8C8} = {42378DD1-1755-436A-8E94-C495154F7924}
	EndGlobalSection
	GlobalSection(ExtensibilityGlobals) = postSolution
		SolutionGuid = {8355149F-9041-44F1-B879-56C8E785FFB7}
	EndGlobalSection
EndGlobal
